
Microsoft Visual Studio Solution File, Format Version 12.00
# Visual Studio 15
VisualStudioVersion = 15.0.26823.1
MinimumVisualStudioVersion = 10.0.40219.1
Project("{FAE04EC0-301F-11D3-BF4B-00C04F79EFBC}") = "poc-outlook-mail-reader", "poc-outlook-mail-reader\poc-outlook-mail-reader.csproj", "{94F58926-0E5E-406E-9B0F-B8C1DC0127FC}"
EndProject
Global
	GlobalSection(SolutionConfigurationPlatforms) = preSolution
		Debug|Any CPU = Debug|Any CPU
		Release|Any CPU = Release|Any CPU
	EndGlobalSection
	GlobalSection(ProjectConfigurationPlatforms) = postSolution
		{94F58926-0E5E-406E-9B0F-B8C1DC0127FC}.Debug|Any CPU.ActiveCfg = Debug|Any CPU
		{94F58926-0E5E-406E-9B0F-B8C1DC0127FC}.Debug|Any CPU.Build.0 = Debug|Any CPU
		{94F58926-0E5E-406E-9B0F-B8C1DC0127FC}.Release|Any CPU.ActiveCfg = Release|Any CPU
		{94F58926-0E5E-406E-9B0F-B8C1DC0127FC}.Release|Any CPU.Build.0 = Release|Any CPU
	EndGlobalSection
	GlobalSection(SolutionProperties) = preSolution
		HideSolutionNode = FALSE
	EndGlobalSection
	GlobalSection(ExtensibilityGlobals) = postSolution
		SolutionGuid = {827B254E-CB55-48E1-A72B-2471DBF87552}
	EndGlobalSection
EndGlobal
